Microsoft Visual Studio Solution File, Format Version 11.00
# Visual Studio 2008

Project("{C203D595-BA31-BA4C-8F9C-91FD570F4D40}") = "Treasure_Hunter", "Assembly-CSharp.csproj", "{1471CEC1-9CCE-0610-8BA7-427657F66E79}"
EndProject
Project("{C203D595-BA31-BA4C-8F9C-91FD570F4D40}") = "Treasure_Hunter", "Assembly-CSharp-Editor.csproj", "{09A734DD-3B53-89F6-99FB-59C6290E39A0}"
EndProject
Global
	GlobalSection(SolutionConfigurationPlatforms) = preSolution
		Debug|Any CPU = Debug|Any CPU
		Release|Any CPU = Release|Any CPU
	EndGlobalSection
	GlobalSection(ProjectConfigurationPlatforms) = postSolution
		{1471CEC1-9CCE-0610-8BA7-427657F66E79}.Debug|Any CPU.ActiveCfg = Debug|Any CPU
		{1471CEC1-9CCE-0610-8BA7-427657F66E79}.Debug|Any CPU.Build.0 = Debug|Any CPU
		{1471CEC1-9CCE-0610-8BA7-427657F66E79}.Release|Any CPU.ActiveCfg = Release|Any CPU
		{1471CEC1-9CCE-0610-8BA7-427657F66E79}.Release|Any CPU.Build.0 = Release|Any CPU
		{09A734DD-3B53-89F6-99FB-59C6290E39A0}.Debug|Any CPU.ActiveCfg = Debug|Any CPU
		{09A734DD-3B53-89F6-99FB-59C6290E39A0}.Debug|Any CPU.Build.0 = Debug|Any CPU
		{09A734DD-3B53-89F6-99FB-59C6290E39A0}.Release|Any CPU.ActiveCfg = Release|Any CPU
		{09A734DD-3B53-89F6-99FB-59C6290E39A0}.Release|Any CPU.Build.0 = Release|Any CPU
	EndGlobalSection
	GlobalSection(SolutionProperties) = preSolution
		HideSolutionNode = FALSE
	EndGlobalSection
	GlobalSection(MonoDevelopProperties) = preSolution
		StartupItem = Assembly-CSharp.csproj
	EndGlobalSection
EndGlobal
